
Microsoft Visual Studio Solution File, Format Version 12.00
# Visual Studio 14
VisualStudioVersion = 14.0.25420.1
MinimumVisualStudioVersion = 10.0.40219.1
Project("{FAE04EC0-301F-11D3-BF4B-00C04F79EFBC}") = "MyMovieCollection.Classic.Droid", "MyMovieCollection.Classic.Android\MyMovieCollection.Classic.Droid.csproj", "{A9F026FE-0099-4C69-876F-66183466D258}"
EndProject
Project("{FAE04EC0-301F-11D3-BF4B-00C04F79EFBC}") = "MyMovieCollection.Classic.iOS", "MyMovieCollection.Classic.iOS\MyMovieCollection.Classic.iOS.csproj", "{332D8B0E-7CD8-4021-B246-03D4802B7C94}"
EndProject
Project("{FAE04EC0-301F-11D3-BF4B-00C04F79EFBC}") = "MyMovieCollection.Implementation", "MyMovieCollection.Implementation\MyMovieCollection.Implementation.csproj", "{1210B078-286F-43F4-A129-2CDA8C61510B}"
EndProject
Project("{FAE04EC0-301F-11D3-BF4B-00C04F79EFBC}") = "MyMovieCollection.UITest", "MyMovieCollection.UITest\MyMovieCollection.UITest.csproj", "{83F762D5-D67A-4B58-94E4-4C70474A3F38}"
EndProject
Project("{FAE04EC0-301F-11D3-BF4B-00C04F79EFBC}") = "MyMovieCollection.Forms", "..\Forms\MyMovieCollection\MyMovieCollection\MyMovieCollection.Forms.csproj", "{686ECE76-EB9A-439A-9F2F-F6E5AF81A2EA}"
EndProject
Project("{FAE04EC0-301F-11D3-BF4B-00C04F79EFBC}") = "MyMovieCollection.Droid", "..\Forms\MyMovieCollection\MyMovieCollection.Droid\MyMovieCollection.Droid.csproj", "{2417D72B-2050-4EFD-9422-EC290498E75D}"
EndProject
Project("{FAE04EC0-301F-11D3-BF4B-00C04F79EFBC}") = "MyMovieCollection.iOS", "..\Forms\MyMovieCollection\MyMovieCollection.iOS\MyMovieCollection.iOS.csproj", "{EEB2551F-EEAF-4EF1-90A4-9F7E5195ECF7}"
EndProject
Project("{2150E333-8FDC-42A3-9474-1A3956D46DE8}") = "Classic", "Classic", "{1C07FF51-7841-4665-863C-E1886FCFA7DB}"
EndProject
Project("{2150E333-8FDC-42A3-9474-1A3956D46DE8}") = "Forms", "Forms", "{790B29FE-262A-4202-89F0-D729B9CC6225}"
EndProject
Global
	GlobalSection(SolutionConfigurationPlatforms) = preSolution
		Ad-Hoc|Any CPU = Ad-Hoc|Any CPU
		Ad-Hoc|ARM = Ad-Hoc|ARM
		Ad-Hoc|iPhone = Ad-Hoc|iPhone
		Ad-Hoc|iPhoneSimulator = Ad-Hoc|iPhoneSimulator
		Ad-Hoc|Mixed Platforms = Ad-Hoc|Mixed Platforms
		Ad-Hoc|x64 = Ad-Hoc|x64
		Ad-Hoc|x86 = Ad-Hoc|x86
		AppStore|Any CPU = AppStore|Any CPU
		AppStore|ARM = AppStore|ARM
		AppStore|iPhone = AppStore|iPhone
		AppStore|iPhoneSimulator = AppStore|iPhoneSimulator
		AppStore|Mixed Platforms = AppStore|Mixed Platforms
		AppStore|x64 = AppStore|x64
		AppStore|x86 = AppStore|x86
		Debug|Any CPU = Debug|Any CPU
		Debug|ARM = Debug|ARM
		Debug|iPhone = Debug|iPhone
		Debug|iPhoneSimulator = Debug|iPhoneSimulator
		Debug|Mixed Platforms = Debug|Mixed Platforms
		Debug|x64 = Debug|x64
		Debug|x86 = Debug|x86
		Release|Any CPU = Release|Any CPU
		Release|ARM = Release|ARM
		Release|iPhone = Release|iPhone
		Release|iPhoneSimulator = Release|iPhoneSimulator
		Release|Mixed Platforms = Release|Mixed Platforms
		Release|x64 = Release|x64
		Release|x86 = Release|x86
	EndGlobalSection
	GlobalSection(ProjectConfigurationPlatforms) = postSolution
		{A9F026FE-0099-4C69-876F-66183466D258}.Ad-Hoc|Any CPU.ActiveCfg = Release|Any CPU
		{A9F026FE-0099-4C69-876F-66183466D258}.Ad-Hoc|Any CPU.Build.0 = Release|Any CPU
		{A9F026FE-0099-4C69-876F-66183466D258}.Ad-Hoc|Any CPU.Deploy.0 = Release|Any CPU
		{A9F026FE-0099-4C69-876F-66183466D258}.Ad-Hoc|ARM.ActiveCfg = Debug|Any CPU
		{A9F026FE-0099-4C69-876F-66183466D258}.Ad-Hoc|ARM.Build.0 = Debug|Any CPU
		{A9F026FE-0099-4C69-876F-66183466D258}.Ad-Hoc|ARM.Deploy.0 = Debug|Any CPU
		{A9F026FE-0099-4C69-876F-66183466D258}.Ad-Hoc|iPhone.ActiveCfg = Release|Any CPU
		{A9F026FE-0099-4C69-876F-66183466D258}.Ad-Hoc|iPhoneSimulator.ActiveCfg = Release|Any CPU
		{A9F026FE-0099-4C69-876F-66183466D258}.Ad-Hoc|Mixed Platforms.ActiveCfg = Release|Any CPU
		{A9F026FE-0099-4C69-876F-66183466D258}.Ad-Hoc|Mixed Platforms.Build.0 = Release|Any CPU
		{A9F026FE-0099-4C69-876F-66183466D258}.Ad-Hoc|Mixed Platforms.Deploy.0 = Release|Any CPU
		{A9F026FE-0099-4C69-876F-66183466D258}.Ad-Hoc|x64.ActiveCfg = Debug|Any CPU
		{A9F026FE-0099-4C69-876F-66183466D258}.Ad-Hoc|x64.Build.0 = Debug|Any CPU
		{A9F026FE-0099-4C69-876F-66183466D258}.Ad-Hoc|x64.Deploy.0 = Debug|Any CPU
		{A9F026FE-0099-4C69-876F-66183466D258}.Ad-Hoc|x86.ActiveCfg = Debug|Any CPU
		{A9F026FE-0099-4C69-876F-66183466D258}.Ad-Hoc|x86.Build.0 = Debug|Any CPU
		{A9F026FE-0099-4C69-876F-66183466D258}.Ad-Hoc|x86.Deploy.0 = Debug|Any CPU
		{A9F026FE-0099-4C69-876F-66183466D258}.AppStore|Any CPU.ActiveCfg = Release|Any CPU
		{A9F026FE-0099-4C69-876F-66183466D258}.AppStore|Any CPU.Build.0 = Release|Any CPU
		{A9F026FE-0099-4C69-876F-66183466D258}.AppStore|Any CPU.Deploy.0 = Release|Any CPU
		{A9F026FE-0099-4C69-876F-66183466D258}.AppStore|ARM.ActiveCfg = Debug|Any CPU
		{A9F026FE-0099-4C69-876F-66183466D258}.AppStore|ARM.Build.0 = Debug|Any CPU
		{A9F026FE-0099-4C69-876F-66183466D258}.AppStore|ARM.Deploy.0 = Debug|Any CPU
		{A9F026FE-0099-4C69-876F-66183466D258}.AppStore|iPhone.ActiveCfg = Release|Any CPU
		{A9F026FE-0099-4C69-876F-66183466D258}.AppStore|iPhoneSimulator.ActiveCfg = Release|Any CPU
		{A9F026FE-0099-4C69-876F-66183466D258}.AppStore|Mixed Platforms.ActiveCfg = Release|Any CPU
		{A9F026FE-0099-4C69-876F-66183466D258}.AppStore|Mixed Platforms.Build.0 = Release|Any CPU
		{A9F026FE-0099-4C69-876F-66183466D258}.AppStore|Mixed Platforms.Deploy.0 = Release|Any CPU
		{A9F026FE-0099-4C69-876F-66183466D258}.AppStore|x64.ActiveCfg = Debug|Any CPU
		{A9F026FE-0099-4C69-876F-66183466D258}.AppStore|x64.Build.0 = Debug|Any CPU
		{A9F026FE-0099-4C69-876F-66183466D258}.AppStore|x64.Deploy.0 = Debug|Any CPU
		{A9F026FE-0099-4C69-876F-66183466D258}.AppStore|x86.ActiveCfg = Debug|Any CPU
		{A9F026FE-0099-4C69-876F-66183466D258}.AppStore|x86.Build.0 = Debug|Any CPU
		{A9F026FE-0099-4C69-876F-66183466D258}.AppStore|x86.Deploy.0 = Debug|Any CPU
		{A9F026FE-0099-4C69-876F-66183466D258}.Debug|Any CPU.ActiveCfg = Debug|Any CPU
		{A9F026FE-0099-4C69-876F-66183466D258}.Debug|Any CPU.Build.0 = Debug|Any CPU
		{A9F026FE-0099-4C69-876F-66183466D258}.Debug|Any CPU.Deploy.0 = Debug|Any CPU
		{A9F026FE-0099-4C69-876F-66183466D258}.Debug|ARM.ActiveCfg = Debug|Any CPU
		{A9F026FE-0099-4C69-876F-66183466D258}.Debug|ARM.Build.0 = Debug|Any CPU
		{A9F026FE-0099-4C69-876F-66183466D258}.Debug|ARM.Deploy.0 = Debug|Any CPU
		{A9F026FE-0099-4C69-876F-66183466D258}.Debug|iPhone.ActiveCfg = Debug|Any CPU
		{A9F026FE-0099-4C69-876F-66183466D258}.Debug|iPhoneSimulator.ActiveCfg = Debug|Any CPU
		{A9F026FE-0099-4C69-876F-66183466D258}.Debug|Mixed Platforms.ActiveCfg = Debug|Any CPU
		{A9F026FE-0099-4C69-876F-66183466D258}.Debug|Mixed Platforms.Build.0 = Debug|Any CPU
		{A9F026FE-0099-4C69-876F-66183466D258}.Debug|Mixed Platforms.Deploy.0 = Debug|Any CPU
		{A9F026FE-0099-4C69-876F-66183466D258}.Debug|x64.ActiveCfg = Debug|Any CPU
		{A9F026FE-0099-4C69-876F-66183466D258}.Debug|x64.Build.0 = Debug|Any CPU
		{A9F026FE-0099-4C69-876F-66183466D258}.Debug|x64.Deploy.0 = Debug|Any CPU
		{A9F026FE-0099-4C69-876F-66183466D258}.Debug|x86.ActiveCfg = Debug|Any CPU
		{A9F026FE-0099-4C69-876F-66183466D258}.Debug|x86.Build.0 = Debug|Any CPU
		{A9F026FE-0099-4C69-876F-66183466D258}.Debug|x86.Deploy.0 = Debug|Any CPU
		{A9F026FE-0099-4C69-876F-66183466D258}.Release|Any CPU.ActiveCfg = Release|Any CPU
		{A9F026FE-0099-4C69-876F-66183466D258}.Release|Any CPU.Build.0 = Release|Any CPU
		{A9F026FE-0099-4C69-876F-66183466D258}.Release|ARM.ActiveCfg = Release|Any CPU
		{A9F026FE-0099-4C69-876F-66183466D258}.Release|ARM.Build.0 = Release|Any CPU
		{A9F026FE-0099-4C69-876F-66183466D258}.Release|ARM.Deploy.0 = Release|Any CPU
		{A9F026FE-0099-4C69-876F-66183466D258}.Release|iPhone.ActiveCfg = Release|Any CPU
		{A9F026FE-0099-4C69-876F-66183466D258}.Release|iPhoneSimulator.ActiveCfg = Release|Any CPU
		{A9F026FE-0099-4C69-876F-66183466D258}.Release|Mixed Platforms.ActiveCfg = Release|Any CPU
		{A9F026FE-0099-4C69-876F-66183466D258}.Release|Mixed Platforms.Build.0 = Release|Any CPU
		{A9F026FE-0099-4C69-876F-66183466D258}.Release|Mixed Platforms.Deploy.0 = Release|Any CPU
		{A9F026FE-0099-4C69-876F-66183466D258}.Release|x64.ActiveCfg = Release|Any CPU
		{A9F026FE-0099-4C69-876F-66183466D258}.Release|x64.Build.0 = Release|Any CPU
		{A9F026FE-0099-4C69-876F-66183466D258}.Release|x64.Deploy.0 = Release|Any CPU
		{A9F026FE-0099-4C69-876F-66183466D258}.Release|x86.ActiveCfg = Release|Any CPU
		{A9F026FE-0099-4C69-876F-66183466D258}.Release|x86.Build.0 = Release|Any CPU
		{A9F026FE-0099-4C69-876F-66183466D258}.Release|x86.Deploy.0 = Release|Any CPU
		{332D8B0E-7CD8-4021-B246-03D4802B7C94}.Ad-Hoc|Any CPU.ActiveCfg = Ad-Hoc|iPhone
		{332D8B0E-7CD8-4021-B246-03D4802B7C94}.Ad-Hoc|ARM.ActiveCfg = Ad-Hoc|iPhoneSimulator
		{332D8B0E-7CD8-4021-B246-03D4802B7C94}.Ad-Hoc|iPhone.ActiveCfg = Ad-Hoc|iPhone
		{332D8B0E-7CD8-4021-B246-03D4802B7C94}.Ad-Hoc|iPhone.Build.0 = Ad-Hoc|iPhone
		{332D8B0E-7CD8-4021-B246-03D4802B7C94}.Ad-Hoc|iPhoneSimulator.ActiveCfg = Ad-Hoc|iPhoneSimulator
		{332D8B0E-7CD8-4021-B246-03D4802B7C94}.Ad-Hoc|iPhoneSimulator.Build.0 = Ad-Hoc|iPhoneSimulator
		{332D8B0E-7CD8-4021-B246-03D4802B7C94}.Ad-Hoc|Mixed Platforms.ActiveCfg = Ad-Hoc|iPhone
		{332D8B0E-7CD8-4021-B246-03D4802B7C94}.Ad-Hoc|Mixed Platforms.Build.0 = Ad-Hoc|iPhone
		{332D8B0E-7CD8-4021-B246-03D4802B7C94}.Ad-Hoc|x64.ActiveCfg = Ad-Hoc|iPhoneSimulator
		{332D8B0E-7CD8-4021-B246-03D4802B7C94}.Ad-Hoc|x86.ActiveCfg = Ad-Hoc|iPhoneSimulator
		{332D8B0E-7CD8-4021-B246-03D4802B7C94}.AppStore|Any CPU.ActiveCfg = AppStore|iPhone
		{332D8B0E-7CD8-4021-B246-03D4802B7C94}.AppStore|ARM.ActiveCfg = AppStore|iPhoneSimulator
		{332D8B0E-7CD8-4021-B246-03D4802B7C94}.AppStore|iPhone.ActiveCfg = AppStore|iPhone
		{332D8B0E-7CD8-4021-B246-03D4802B7C94}.AppStore|iPhone.Build.0 = AppStore|iPhone
		{332D8B0E-7CD8-4021-B246-03D4802B7C94}.AppStore|iPhoneSimulator.ActiveCfg = AppStore|iPhoneSimulator
		{332D8B0E-7CD8-4021-B246-03D4802B7C94}.AppStore|iPhoneSimulator.Build.0 = AppStore|iPhoneSimulator
		{332D8B0E-7CD8-4021-B246-03D4802B7C94}.AppStore|Mixed Platforms.ActiveCfg = AppStore|iPhone
		{332D8B0E-7CD8-4021-B246-03D4802B7C94}.AppStore|Mixed Platforms.Build.0 = AppStore|iPhone
		{332D8B0E-7CD8-4021-B246-03D4802B7C94}.AppStore|x64.ActiveCfg = AppStore|iPhoneSimulator
		{332D8B0E-7CD8-4021-B246-03D4802B7C94}.AppStore|x86.ActiveCfg = AppStore|iPhoneSimulator
		{332D8B0E-7CD8-4021-B246-03D4802B7C94}.Debug|Any CPU.ActiveCfg = Debug|iPhone
		{332D8B0E-7CD8-4021-B246-03D4802B7C94}.Debug|ARM.ActiveCfg = Debug|iPhoneSimulator
		{332D8B0E-7CD8-4021-B246-03D4802B7C94}.Debug|iPhone.ActiveCfg = Debug|iPhone
		{332D8B0E-7CD8-4021-B246-03D4802B7C94}.Debug|iPhone.Build.0 = Debug|iPhone
		{332D8B0E-7CD8-4021-B246-03D4802B7C94}.Debug|iPhoneSimulator.ActiveCfg = Debug|iPhoneSimulator
		{332D8B0E-7CD8-4021-B246-03D4802B7C94}.Debug|iPhoneSimulator.Build.0 = Debug|iPhoneSimulator
		{332D8B0E-7CD8-4021-B246-03D4802B7C94}.Debug|Mixed Platforms.ActiveCfg = Debug|iPhone
		{332D8B0E-7CD8-4021-B246-03D4802B7C94}.Debug|Mixed Platforms.Build.0 = Debug|iPhone
		{332D8B0E-7CD8-4021-B246-03D4802B7C94}.Debug|x64.ActiveCfg = Debug|iPhoneSimulator
		{332D8B0E-7CD8-4021-B246-03D4802B7C94}.Debug|x86.ActiveCfg = Debug|iPhoneSimulator
		{332D8B0E-7CD8-4021-B246-03D4802B7C94}.Release|Any CPU.ActiveCfg = Release|iPhone
		{332D8B0E-7CD8-4021-B246-03D4802B7C94}.Release|ARM.ActiveCfg = Release|iPhoneSimulator
		{332D8B0E-7CD8-4021-B246-03D4802B7C94}.Release|iPhone.ActiveCfg = Release|iPhone
		{332D8B0E-7CD8-4021-B246-03D4802B7C94}.Release|iPhone.Build.0 = Release|iPhone
		{332D8B0E-7CD8-4021-B246-03D4802B7C94}.Release|iPhoneSimulator.ActiveCfg = Release|iPhoneSimulator
		{332D8B0E-7CD8-4021-B246-03D4802B7C94}.Release|iPhoneSimulator.Build.0 = Release|iPhoneSimulator
		{332D8B0E-7CD8-4021-B246-03D4802B7C94}.Release|Mixed Platforms.ActiveCfg = Release|iPhone
		{332D8B0E-7CD8-4021-B246-03D4802B7C94}.Release|Mixed Platforms.Build.0 = Release|iPhone
		{332D8B0E-7CD8-4021-B246-03D4802B7C94}.Release|x64.ActiveCfg = Release|iPhoneSimulator
		{332D8B0E-7CD8-4021-B246-03D4802B7C94}.Release|x86.ActiveCfg = Release|iPhoneSimulator
		{1210B078-286F-43F4-A129-2CDA8C61510B}.Ad-Hoc|Any CPU.ActiveCfg = Release|Any CPU
		{1210B078-286F-43F4-A129-2CDA8C61510B}.Ad-Hoc|Any CPU.Build.0 = Release|Any CPU
		{1210B078-286F-43F4-A129-2CDA8C61510B}.Ad-Hoc|ARM.ActiveCfg = Debug|Any CPU
		{1210B078-286F-43F4-A129-2CDA8C61510B}.Ad-Hoc|ARM.Build.0 = Debug|Any CPU
		{1210B078-286F-43F4-A129-2CDA8C61510B}.Ad-Hoc|iPhone.ActiveCfg = Release|Any CPU
		{1210B078-286F-43F4-A129-2CDA8C61510B}.Ad-Hoc|iPhoneSimulator.ActiveCfg = Release|Any CPU
		{1210B078-286F-43F4-A129-2CDA8C61510B}.Ad-Hoc|Mixed Platforms.ActiveCfg = Release|Any CPU
		{1210B078-286F-43F4-A129-2CDA8C61510B}.Ad-Hoc|Mixed Platforms.Build.0 = Release|Any CPU
		{1210B078-286F-43F4-A129-2CDA8C61510B}.Ad-Hoc|x64.ActiveCfg = Debug|Any CPU
		{1210B078-286F-43F4-A129-2CDA8C61510B}.Ad-Hoc|x64.Build.0 = Debug|Any CPU
		{1210B078-286F-43F4-A129-2CDA8C61510B}.Ad-Hoc|x86.ActiveCfg = Debug|Any CPU
		{1210B078-286F-43F4-A129-2CDA8C61510B}.Ad-Hoc|x86.Build.0 = Debug|Any CPU
		{1210B078-286F-43F4-A129-2CDA8C61510B}.AppStore|Any CPU.ActiveCfg = Release|Any CPU
		{1210B078-286F-43F4-A129-2CDA8C61510B}.AppStore|Any CPU.Build.0 = Release|Any CPU
		{1210B078-286F-43F4-A129-2CDA8C61510B}.AppStore|ARM.ActiveCfg = Debug|Any CPU
		{1210B078-286F-43F4-A129-2CDA8C61510B}.AppStore|ARM.Build.0 = Debug|Any CPU
		{1210B078-286F-43F4-A129-2CDA8C61510B}.AppStore|iPhone.ActiveCfg = Release|Any CPU
		{1210B078-286F-43F4-A129-2CDA8C61510B}.AppStore|iPhoneSimulator.ActiveCfg = Release|Any CPU
		{1210B078-286F-43F4-A129-2CDA8C61510B}.AppStore|Mixed Platforms.ActiveCfg = Release|Any CPU
		{1210B078-286F-43F4-A129-2CDA8C61510B}.AppStore|Mixed Platforms.Build.0 = Release|Any CPU
		{1210B078-286F-43F4-A129-2CDA8C61510B}.AppStore|x64.ActiveCfg = Debug|Any CPU
		{1210B078-286F-43F4-A129-2CDA8C61510B}.AppStore|x64.Build.0 = Debug|Any CPU
		{1210B078-286F-43F4-A129-2CDA8C61510B}.AppStore|x86.ActiveCfg = Debug|Any CPU
		{1210B078-286F-43F4-A129-2CDA8C61510B}.AppStore|x86.Build.0 = Debug|Any CPU
		{1210B078-286F-43F4-A129-2CDA8C61510B}.Debug|Any CPU.ActiveCfg = Debug|Any CPU
		{1210B078-286F-43F4-A129-2CDA8C61510B}.Debug|Any CPU.Build.0 = Debug|Any CPU
		{1210B078-286F-43F4-A129-2CDA8C61510B}.Debug|ARM.ActiveCfg = Debug|Any CPU
		{1210B078-286F-43F4-A129-2CDA8C61510B}.Debug|ARM.Build.0 = Debug|Any CPU
		{1210B078-286F-43F4-A129-2CDA8C61510B}.Debug|iPhone.ActiveCfg = Debug|Any CPU
		{1210B078-286F-43F4-A129-2CDA8C61510B}.Debug|iPhone.Build.0 = Debug|Any CPU
		{1210B078-286F-43F4-A129-2CDA8C61510B}.Debug|iPhoneSimulator.ActiveCfg = Debug|Any CPU
		{1210B078-286F-43F4-A129-2CDA8C61510B}.Debug|iPhoneSimulator.Build.0 = Debug|Any CPU
		{1210B078-286F-43F4-A129-2CDA8C61510B}.Debug|Mixed Platforms.ActiveCfg = Debug|Any CPU
		{1210B078-286F-43F4-A129-2CDA8C61510B}.Debug|Mixed Platforms.Build.0 = Debug|Any CPU
		{1210B078-286F-43F4-A129-2CDA8C61510B}.Debug|x64.ActiveCfg = Debug|Any CPU
		{1210B078-286F-43F4-A129-2CDA8C61510B}.Debug|x64.Build.0 = Debug|Any CPU
		{1210B078-286F-43F4-A129-2CDA8C61510B}.Debug|x86.ActiveCfg = Debug|Any CPU
		{1210B078-286F-43F4-A129-2CDA8C61510B}.Debug|x86.Build.0 = Debug|Any CPU
		{1210B078-286F-43F4-A129-2CDA8C61510B}.Release|Any CPU.ActiveCfg = Release|Any CPU
		{1210B078-286F-43F4-A129-2CDA8C61510B}.Release|Any CPU.Build.0 = Release|Any CPU
		{1210B078-286F-43F4-A129-2CDA8C61510B}.Release|ARM.ActiveCfg = Release|Any CPU
		{1210B078-286F-43F4-A129-2CDA8C61510B}.Release|ARM.Build.0 = Release|Any CPU
		{1210B078-286F-43F4-A129-2CDA8C61510B}.Release|iPhone.ActiveCfg = Release|Any CPU
		{1210B078-286F-43F4-A129-2CDA8C61510B}.Release|iPhoneSimulator.ActiveCfg = Release|Any CPU
		{1210B078-286F-43F4-A129-2CDA8C61510B}.Release|Mixed Platforms.ActiveCfg = Release|Any CPU
		{1210B078-286F-43F4-A129-2CDA8C61510B}.Release|Mixed Platforms.Build.0 = Release|Any CPU
		{1210B078-286F-43F4-A129-2CDA8C61510B}.Release|x64.ActiveCfg = Release|Any CPU
		{1210B078-286F-43F4-A129-2CDA8C61510B}.Release|x64.Build.0 = Release|Any CPU
		{1210B078-286F-43F4-A129-2CDA8C61510B}.Release|x86.ActiveCfg = Release|Any CPU
		{1210B078-286F-43F4-A129-2CDA8C61510B}.Release|x86.Build.0 = Release|Any CPU
		{83F762D5-D67A-4B58-94E4-4C70474A3F38}.Ad-Hoc|Any CPU.ActiveCfg = Release|Any CPU
		{83F762D5-D67A-4B58-94E4-4C70474A3F38}.Ad-Hoc|Any CPU.Build.0 = Release|Any CPU
		{83F762D5-D67A-4B58-94E4-4C70474A3F38}.Ad-Hoc|ARM.ActiveCfg = Debug|Any CPU
		{83F762D5-D67A-4B58-94E4-4C70474A3F38}.Ad-Hoc|ARM.Build.0 = Debug|Any CPU
		{83F762D5-D67A-4B58-94E4-4C70474A3F38}.Ad-Hoc|iPhone.ActiveCfg = Release|Any CPU
		{83F762D5-D67A-4B58-94E4-4C70474A3F38}.Ad-Hoc|iPhone.Build.0 = Release|Any CPU
		{83F762D5-D67A-4B58-94E4-4C70474A3F38}.Ad-Hoc|iPhoneSimulator.ActiveCfg = Release|Any CPU
		{83F762D5-D67A-4B58-94E4-4C70474A3F38}.Ad-Hoc|iPhoneSimulator.Build.0 = Release|Any CPU
		{83F762D5-D67A-4B58-94E4-4C70474A3F38}.Ad-Hoc|Mixed Platforms.ActiveCfg = Release|Any CPU
		{83F762D5-D67A-4B58-94E4-4C70474A3F38}.Ad-Hoc|Mixed Platforms.Build.0 = Release|Any CPU
		{83F762D5-D67A-4B58-94E4-4C70474A3F38}.Ad-Hoc|x64.ActiveCfg = Debug|Any CPU
		{83F762D5-D67A-4B58-94E4-4C70474A3F38}.Ad-Hoc|x64.Build.0 = Debug|Any CPU
		{83F762D5-D67A-4B58-94E4-4C70474A3F38}.Ad-Hoc|x86.ActiveCfg = Debug|Any CPU
		{83F762D5-D67A-4B58-94E4-4C70474A3F38}.Ad-Hoc|x86.Build.0 = Debug|Any CPU
		{83F762D5-D67A-4B58-94E4-4C70474A3F38}.AppStore|Any CPU.ActiveCfg = Release|Any CPU
		{83F762D5-D67A-4B58-94E4-4C70474A3F38}.AppStore|Any CPU.Build.0 = Release|Any CPU
		{83F762D5-D67A-4B58-94E4-4C70474A3F38}.AppStore|ARM.ActiveCfg = Debug|Any CPU
		{83F762D5-D67A-4B58-94E4-4C70474A3F38}.AppStore|ARM.Build.0 = Debug|Any CPU
		{83F762D5-D67A-4B58-94E4-4C70474A3F38}.AppStore|iPhone.ActiveCfg = Release|Any CPU
		{83F762D5-D67A-4B58-94E4-4C70474A3F38}.AppStore|iPhone.Build.0 = Release|Any CPU
		{83F762D5-D67A-4B58-94E4-4C70474A3F38}.AppStore|iPhoneSimulator.ActiveCfg = Release|Any CPU
		{83F762D5-D67A-4B58-94E4-4C70474A3F38}.AppStore|iPhoneSimulator.Build.0 = Release|Any CPU
		{83F762D5-D67A-4B58-94E4-4C70474A3F38}.AppStore|Mixed Platforms.ActiveCfg = Release|Any CPU
		{83F762D5-D67A-4B58-94E4-4C70474A3F38}.AppStore|Mixed Platforms.Build.0 = Release|Any CPU
		{83F762D5-D67A-4B58-94E4-4C70474A3F38}.AppStore|x64.ActiveCfg = Debug|Any CPU
		{83F762D5-D67A-4B58-94E4-4C70474A3F38}.AppStore|x64.Build.0 = Debug|Any CPU
		{83F762D5-D67A-4B58-94E4-4C70474A3F38}.AppStore|x86.ActiveCfg = Debug|Any CPU
		{83F762D5-D67A-4B58-94E4-4C70474A3F38}.AppStore|x86.Build.0 = Debug|Any CPU
		{83F762D5-D67A-4B58-94E4-4C70474A3F38}.Debug|Any CPU.ActiveCfg = Debug|Any CPU
		{83F762D5-D67A-4B58-94E4-4C70474A3F38}.Debug|Any CPU.Build.0 = Debug|Any CPU
		{83F762D5-D67A-4B58-94E4-4C70474A3F38}.Debug|ARM.ActiveCfg = Debug|Any CPU
		{83F762D5-D67A-4B58-94E4-4C70474A3F38}.Debug|ARM.Build.0 = Debug|Any CPU
		{83F762D5-D67A-4B58-94E4-4C70474A3F38}.Debug|iPhone.ActiveCfg = Debug|Any CPU
		{83F762D5-D67A-4B58-94E4-4C70474A3F38}.Debug|iPhone.Build.0 = Debug|Any CPU
		{83F762D5-D67A-4B58-94E4-4C70474A3F38}.Debug|iPhoneSimulator.ActiveCfg = Debug|Any CPU
		{83F762D5-D67A-4B58-94E4-4C70474A3F38}.Debug|iPhoneSimulator.Build.0 = Debug|Any CPU
		{83F762D5-D67A-4B58-94E4-4C70474A3F38}.Debug|Mixed Platforms.ActiveCfg = Debug|Any CPU
		{83F762D5-D67A-4B58-94E4-4C70474A3F38}.Debug|Mixed Platforms.Build.0 = Debug|Any CPU
		{83F762D5-D67A-4B58-94E4-4C70474A3F38}.Debug|x64.ActiveCfg = Debug|Any CPU
		{83F762D5-D67A-4B58-94E4-4C70474A3F38}.Debug|x64.Build.0 = Debug|Any CPU
		{83F762D5-D67A-4B58-94E4-4C70474A3F38}.Debug|x86.ActiveCfg = Debug|Any CPU
		{83F762D5-D67A-4B58-94E4-4C70474A3F38}.Debug|x86.Build.0 = Debug|Any CPU
		{83F762D5-D67A-4B58-94E4-4C70474A3F38}.Release|Any CPU.ActiveCfg = Release|Any CPU
		{83F762D5-D67A-4B58-94E4-4C70474A3F38}.Release|Any CPU.Build.0 = Release|Any CPU
		{83F762D5-D67A-4B58-94E4-4C70474A3F38}.Release|ARM.ActiveCfg = Release|Any CPU
		{83F762D5-D67A-4B58-94E4-4C70474A3F38}.Release|ARM.Build.0 = Release|Any CPU
		{83F762D5-D67A-4B58-94E4-4C70474A3F38}.Release|iPhone.ActiveCfg = Release|Any CPU
		{83F762D5-D67A-4B58-94E4-4C70474A3F38}.Release|iPhone.Build.0 = Release|Any CPU
		{83F762D5-D67A-4B58-94E4-4C70474A3F38}.Release|iPhoneSimulator.ActiveCfg = Release|Any CPU
		{83F762D5-D67A-4B58-94E4-4C70474A3F38}.Release|iPhoneSimulator.Build.0 = Release|Any CPU
		{83F762D5-D67A-4B58-94E4-4C70474A3F38}.Release|Mixed Platforms.ActiveCfg = Release|Any CPU
		{83F762D5-D67A-4B58-94E4-4C70474A3F38}.Release|Mixed Platforms.Build.0 = Release|Any CPU
		{83F762D5-D67A-4B58-94E4-4C70474A3F38}.Release|x64.ActiveCfg = Release|Any CPU
		{83F762D5-D67A-4B58-94E4-4C70474A3F38}.Release|x64.Build.0 = Release|Any CPU
		{83F762D5-D67A-4B58-94E4-4C70474A3F38}.Release|x86.ActiveCfg = Release|Any CPU
		{83F762D5-D67A-4B58-94E4-4C70474A3F38}.Release|x86.Build.0 = Release|Any CPU
		{686ECE76-EB9A-439A-9F2F-F6E5AF81A2EA}.Ad-Hoc|Any CPU.ActiveCfg = Release|Any CPU
		{686ECE76-EB9A-439A-9F2F-F6E5AF81A2EA}.Ad-Hoc|Any CPU.Build.0 = Release|Any CPU
		{686ECE76-EB9A-439A-9F2F-F6E5AF81A2EA}.Ad-Hoc|ARM.ActiveCfg = Release|Any CPU
		{686ECE76-EB9A-439A-9F2F-F6E5AF81A2EA}.Ad-Hoc|ARM.Build.0 = Release|Any CPU
		{686ECE76-EB9A-439A-9F2F-F6E5AF81A2EA}.Ad-Hoc|iPhone.ActiveCfg = Release|Any CPU
		{686ECE76-EB9A-439A-9F2F-F6E5AF81A2EA}.Ad-Hoc|iPhone.Build.0 = Release|Any CPU
		{686ECE76-EB9A-439A-9F2F-F6E5AF81A2EA}.Ad-Hoc|iPhoneSimulator.ActiveCfg = Release|Any CPU
		{686ECE76-EB9A-439A-9F2F-F6E5AF81A2EA}.Ad-Hoc|iPhoneSimulator.Build.0 = Release|Any CPU
		{686ECE76-EB9A-439A-9F2F-F6E5AF81A2EA}.Ad-Hoc|Mixed Platforms.ActiveCfg = Release|Any CPU
		{686ECE76-EB9A-439A-9F2F-F6E5AF81A2EA}.Ad-Hoc|Mixed Platforms.Build.0 = Release|Any CPU
		{686ECE76-EB9A-439A-9F2F-F6E5AF81A2EA}.Ad-Hoc|x64.ActiveCfg = Release|Any CPU
		{686ECE76-EB9A-439A-9F2F-F6E5AF81A2EA}.Ad-Hoc|x64.Build.0 = Release|Any CPU
		{686ECE76-EB9A-439A-9F2F-F6E5AF81A2EA}.Ad-Hoc|x86.ActiveCfg = Release|Any CPU
		{686ECE76-EB9A-439A-9F2F-F6E5AF81A2EA}.Ad-Hoc|x86.Build.0 = Release|Any CPU
		{686ECE76-EB9A-439A-9F2F-F6E5AF81A2EA}.AppStore|Any CPU.ActiveCfg = Release|Any CPU
		{686ECE76-EB9A-439A-9F2F-F6E5AF81A2EA}.AppStore|Any CPU.Build.0 = Release|Any CPU
		{686ECE76-EB9A-439A-9F2F-F6E5AF81A2EA}.AppStore|ARM.ActiveCfg = Release|Any CPU
		{686ECE76-EB9A-439A-9F2F-F6E5AF81A2EA}.AppStore|ARM.Build.0 = Release|Any CPU
		{686ECE76-EB9A-439A-9F2F-F6E5AF81A2EA}.AppStore|iPhone.ActiveCfg = Release|Any CPU
		{686ECE76-EB9A-439A-9F2F-F6E5AF81A2EA}.AppStore|iPhone.Build.0 = Release|Any CPU
		{686ECE76-EB9A-439A-9F2F-F6E5AF81A2EA}.AppStore|iPhoneSimulator.ActiveCfg = Release|Any CPU
		{686ECE76-EB9A-439A-9F2F-F6E5AF81A2EA}.AppStore|iPhoneSimulator.Build.0 = Release|Any CPU
		{686ECE76-EB9A-439A-9F2F-F6E5AF81A2EA}.AppStore|Mixed Platforms.ActiveCfg = Release|Any CPU
		{686ECE76-EB9A-439A-9F2F-F6E5AF81A2EA}.AppStore|Mixed Platforms.Build.0 = Release|Any CPU
		{686ECE76-EB9A-439A-9F2F-F6E5AF81A2EA}.AppStore|x64.ActiveCfg = Release|Any CPU
		{686ECE76-EB9A-439A-9F2F-F6E5AF81A2EA}.AppStore|x64.Build.0 = Release|Any CPU
		{686ECE76-EB9A-439A-9F2F-F6E5AF81A2EA}.AppStore|x86.ActiveCfg = Release|Any CPU
		{686ECE76-EB9A-439A-9F2F-F6E5AF81A2EA}.AppStore|x86.Build.0 = Release|Any CPU
		{686ECE76-EB9A-439A-9F2F-F6E5AF81A2EA}.Debug|Any CPU.ActiveCfg = Debug|Any CPU
		{686ECE76-EB9A-439A-9F2F-F6E5AF81A2EA}.Debug|Any CPU.Build.0 = Debug|Any CPU
		{686ECE76-EB9A-439A-9F2F-F6E5AF81A2EA}.Debug|ARM.ActiveCfg = Debug|Any CPU
		{686ECE76-EB9A-439A-9F2F-F6E5AF81A2EA}.Debug|ARM.Build.0 = Debug|Any CPU
		{686ECE76-EB9A-439A-9F2F-F6E5AF81A2EA}.Debug|iPhone.ActiveCfg = Debug|Any CPU
		{686ECE76-EB9A-439A-9F2F-F6E5AF81A2EA}.Debug|iPhone.Build.0 = Debug|Any CPU
		{686ECE76-EB9A-439A-9F2F-F6E5AF81A2EA}.Debug|iPhoneSimulator.ActiveCfg = Debug|Any CPU
		{686ECE76-EB9A-439A-9F2F-F6E5AF81A2EA}.Debug|iPhoneSimulator.Build.0 = Debug|Any CPU
		{686ECE76-EB9A-439A-9F2F-F6E5AF81A2EA}.Debug|Mixed Platforms.ActiveCfg = Debug|Any CPU
		{686ECE76-EB9A-439A-9F2F-F6E5AF81A2EA}.Debug|Mixed Platforms.Build.0 = Debug|Any CPU
		{686ECE76-EB9A-439A-9F2F-F6E5AF81A2EA}.Debug|x64.ActiveCfg = Debug|Any CPU
		{686ECE76-EB9A-439A-9F2F-F6E5AF81A2EA}.Debug|x64.Build.0 = Debug|Any CPU
		{686ECE76-EB9A-439A-9F2F-F6E5AF81A2EA}.Debug|x86.ActiveCfg = Debug|Any CPU
		{686ECE76-EB9A-439A-9F2F-F6E5AF81A2EA}.Debug|x86.Build.0 = Debug|Any CPU
		{686ECE76-EB9A-439A-9F2F-F6E5AF81A2EA}.Release|Any CPU.ActiveCfg = Release|Any CPU
		{686ECE76-EB9A-439A-9F2F-F6E5AF81A2EA}.Release|Any CPU.Build.0 = Release|Any CPU
		{686ECE76-EB9A-439A-9F2F-F6E5AF81A2EA}.Release|ARM.ActiveCfg = Release|Any CPU
		{686ECE76-EB9A-439A-9F2F-F6E5AF81A2EA}.Release|ARM.Build.0 = Release|Any CPU
		{686ECE76-EB9A-439A-9F2F-F6E5AF81A2EA}.Release|iPhone.ActiveCfg = Release|Any CPU
		{686ECE76-EB9A-439A-9F2F-F6E5AF81A2EA}.Release|iPhone.Build.0 = Release|Any CPU
		{686ECE76-EB9A-439A-9F2F-F6E5AF81A2EA}.Release|iPhoneSimulator.ActiveCfg = Release|Any CPU
		{686ECE76-EB9A-439A-9F2F-F6E5AF81A2EA}.Release|iPhoneSimulator.Build.0 = Release|Any CPU
		{686ECE76-EB9A-439A-9F2F-F6E5AF81A2EA}.Release|Mixed Platforms.ActiveCfg = Release|Any CPU
		{686ECE76-EB9A-439A-9F2F-F6E5AF81A2EA}.Release|Mixed Platforms.Build.0 = Release|Any CPU
		{686ECE76-EB9A-439A-9F2F-F6E5AF81A2EA}.Release|x64.ActiveCfg = Release|Any CPU
		{686ECE76-EB9A-439A-9F2F-F6E5AF81A2EA}.Release|x64.Build.0 = Release|Any CPU
		{686ECE76-EB9A-439A-9F2F-F6E5AF81A2EA}.Release|x86.ActiveCfg = Release|Any CPU
		{686ECE76-EB9A-439A-9F2F-F6E5AF81A2EA}.Release|x86.Build.0 = Release|Any CPU
		{2417D72B-2050-4EFD-9422-EC290498E75D}.Ad-Hoc|Any CPU.ActiveCfg = Release|Any CPU
		{2417D72B-2050-4EFD-9422-EC290498E75D}.Ad-Hoc|Any CPU.Build.0 = Release|Any CPU
		{2417D72B-2050-4EFD-9422-EC290498E75D}.Ad-Hoc|Any CPU.Deploy.0 = Release|Any CPU
		{2417D72B-2050-4EFD-9422-EC290498E75D}.Ad-Hoc|ARM.ActiveCfg = Release|Any CPU
		{2417D72B-2050-4EFD-9422-EC290498E75D}.Ad-Hoc|ARM.Build.0 = Release|Any CPU
		{2417D72B-2050-4EFD-9422-EC290498E75D}.Ad-Hoc|ARM.Deploy.0 = Release|Any CPU
		{2417D72B-2050-4EFD-9422-EC290498E75D}.Ad-Hoc|iPhone.ActiveCfg = Release|Any CPU
		{2417D72B-2050-4EFD-9422-EC290498E75D}.Ad-Hoc|iPhone.Build.0 = Release|Any CPU
		{2417D72B-2050-4EFD-9422-EC290498E75D}.Ad-Hoc|iPhone.Deploy.0 = Release|Any CPU
		{2417D72B-2050-4EFD-9422-EC290498E75D}.Ad-Hoc|iPhoneSimulator.ActiveCfg = Release|Any CPU
		{2417D72B-2050-4EFD-9422-EC290498E75D}.Ad-Hoc|iPhoneSimulator.Build.0 = Release|Any CPU
		{2417D72B-2050-4EFD-9422-EC290498E75D}.Ad-Hoc|iPhoneSimulator.Deploy.0 = Release|Any CPU
		{2417D72B-2050-4EFD-9422-EC290498E75D}.Ad-Hoc|Mixed Platforms.ActiveCfg = Release|Any CPU
		{2417D72B-2050-4EFD-9422-EC290498E75D}.Ad-Hoc|Mixed Platforms.Build.0 = Release|Any CPU
		{2417D72B-2050-4EFD-9422-EC290498E75D}.Ad-Hoc|Mixed Platforms.Deploy.0 = Release|Any CPU
		{2417D72B-2050-4EFD-9422-EC290498E75D}.Ad-Hoc|x64.ActiveCfg = Release|Any CPU
		{2417D72B-2050-4EFD-9422-EC290498E75D}.Ad-Hoc|x64.Build.0 = Release|Any CPU
		{2417D72B-2050-4EFD-9422-EC290498E75D}.Ad-Hoc|x64.Deploy.0 = Release|Any CPU
		{2417D72B-2050-4EFD-9422-EC290498E75D}.Ad-Hoc|x86.ActiveCfg = Release|Any CPU
		{2417D72B-2050-4EFD-9422-EC290498E75D}.Ad-Hoc|x86.Build.0 = Release|Any CPU
		{2417D72B-2050-4EFD-9422-EC290498E75D}.Ad-Hoc|x86.Deploy.0 = Release|Any CPU
		{2417D72B-2050-4EFD-9422-EC290498E75D}.AppStore|Any CPU.ActiveCfg = Release|Any CPU
		{2417D72B-2050-4EFD-9422-EC290498E75D}.AppStore|Any CPU.Build.0 = Release|Any CPU
		{2417D72B-2050-4EFD-9422-EC290498E75D}.AppStore|Any CPU.Deploy.0 = Release|Any CPU
		{2417D72B-2050-4EFD-9422-EC290498E75D}.AppStore|ARM.ActiveCfg = Release|Any CPU
		{2417D72B-2050-4EFD-9422-EC290498E75D}.AppStore|ARM.Build.0 = Release|Any CPU
		{2417D72B-2050-4EFD-9422-EC290498E75D}.AppStore|ARM.Deploy.0 = Release|Any CPU
		{2417D72B-2050-4EFD-9422-EC290498E75D}.AppStore|iPhone.ActiveCfg = Release|Any CPU
		{2417D72B-2050-4EFD-9422-EC290498E75D}.AppStore|iPhone.Build.0 = Release|Any CPU
		{2417D72B-2050-4EFD-9422-EC290498E75D}.AppStore|iPhone.Deploy.0 = Release|Any CPU
		{2417D72B-2050-4EFD-9422-EC290498E75D}.AppStore|iPhoneSimulator.ActiveCfg = Release|Any CPU
		{2417D72B-2050-4EFD-9422-EC290498E75D}.AppStore|iPhoneSimulator.Build.0 = Release|Any CPU
		{2417D72B-2050-4EFD-9422-EC290498E75D}.AppStore|iPhoneSimulator.Deploy.0 = Release|Any CPU
		{2417D72B-2050-4EFD-9422-EC290498E75D}.AppStore|Mixed Platforms.ActiveCfg = Release|Any CPU
		{2417D72B-2050-4EFD-9422-EC290498E75D}.AppStore|Mixed Platforms.Build.0 = Release|Any CPU
		{2417D72B-2050-4EFD-9422-EC290498E75D}.AppStore|Mixed Platforms.Deploy.0 = Release|Any CPU
		{2417D72B-2050-4EFD-9422-EC290498E75D}.AppStore|x64.ActiveCfg = Release|Any CPU
		{2417D72B-2050-4EFD-9422-EC290498E75D}.AppStore|x64.Build.0 = Release|Any CPU
		{2417D72B-2050-4EFD-9422-EC290498E75D}.AppStore|x64.Deploy.0 = Release|Any CPU
		{2417D72B-2050-4EFD-9422-EC290498E75D}.AppStore|x86.ActiveCfg = Release|Any CPU
		{2417D72B-2050-4EFD-9422-EC290498E75D}.AppStore|x86.Build.0 = Release|Any CPU
		{2417D72B-2050-4EFD-9422-EC290498E75D}.AppStore|x86.Deploy.0 = Release|Any CPU
		{2417D72B-2050-4EFD-9422-EC290498E75D}.Debug|Any CPU.ActiveCfg = Debug|Any CPU
		{2417D72B-2050-4EFD-9422-EC290498E75D}.Debug|Any CPU.Build.0 = Debug|Any CPU
		{2417D72B-2050-4EFD-9422-EC290498E75D}.Debug|Any CPU.Deploy.0 = Debug|Any CPU
		{2417D72B-2050-4EFD-9422-EC290498E75D}.Debug|ARM.ActiveCfg = Debug|Any CPU
		{2417D72B-2050-4EFD-9422-EC290498E75D}.Debug|ARM.Build.0 = Debug|Any CPU
		{2417D72B-2050-4EFD-9422-EC290498E75D}.Debug|ARM.Deploy.0 = Debug|Any CPU
		{2417D72B-2050-4EFD-9422-EC290498E75D}.Debug|iPhone.ActiveCfg = Debug|Any CPU
		{2417D72B-2050-4EFD-9422-EC290498E75D}.Debug|iPhone.Build.0 = Debug|Any CPU
		{2417D72B-2050-4EFD-9422-EC290498E75D}.Debug|iPhone.Deploy.0 = Debug|Any CPU
		{2417D72B-2050-4EFD-9422-EC290498E75D}.Debug|iPhoneSimulator.ActiveCfg = Debug|Any CPU
		{2417D72B-2050-4EFD-9422-EC290498E75D}.Debug|iPhoneSimulator.Build.0 = Debug|Any CPU
		{2417D72B-2050-4EFD-9422-EC290498E75D}.Debug|iPhoneSimulator.Deploy.0 = Debug|Any CPU
		{2417D72B-2050-4EFD-9422-EC290498E75D}.Debug|Mixed Platforms.ActiveCfg = Debug|Any CPU
		{2417D72B-2050-4EFD-9422-EC290498E75D}.Debug|Mixed Platforms.Build.0 = Debug|Any CPU
		{2417D72B-2050-4EFD-9422-EC290498E75D}.Debug|Mixed Platforms.Deploy.0 = Debug|Any CPU
		{2417D72B-2050-4EFD-9422-EC290498E75D}.Debug|x64.ActiveCfg = Debug|Any CPU
		{2417D72B-2050-4EFD-9422-EC290498E75D}.Debug|x64.Build.0 = Debug|Any CPU
		{2417D72B-2050-4EFD-9422-EC290498E75D}.Debug|x64.Deploy.0 = Debug|Any CPU
		{2417D72B-2050-4EFD-9422-EC290498E75D}.Debug|x86.ActiveCfg = Debug|Any CPU
		{2417D72B-2050-4EFD-9422-EC290498E75D}.Debug|x86.Build.0 = Debug|Any CPU
		{2417D72B-2050-4EFD-9422-EC290498E75D}.Debug|x86.Deploy.0 = Debug|Any CPU
		{2417D72B-2050-4EFD-9422-EC290498E75D}.Release|Any CPU.ActiveCfg = Release|Any CPU
		{2417D72B-2050-4EFD-9422-EC290498E75D}.Release|Any CPU.Build.0 = Release|Any CPU
		{2417D72B-2050-4EFD-9422-EC290498E75D}.Release|Any CPU.Deploy.0 = Release|Any CPU
		{2417D72B-2050-4EFD-9422-EC290498E75D}.Release|ARM.ActiveCfg = Release|Any CPU
		{2417D72B-2050-4EFD-9422-EC290498E75D}.Release|ARM.Build.0 = Release|Any CPU
		{2417D72B-2050-4EFD-9422-EC290498E75D}.Release|ARM.Deploy.0 = Release|Any CPU
		{2417D72B-2050-4EFD-9422-EC290498E75D}.Release|iPhone.ActiveCfg = Release|Any CPU
		{2417D72B-2050-4EFD-9422-EC290498E75D}.Release|iPhone.Build.0 = Release|Any CPU
		{2417D72B-2050-4EFD-9422-EC290498E75D}.Release|iPhone.Deploy.0 = Release|Any CPU
		{2417D72B-2050-4EFD-9422-EC290498E75D}.Release|iPhoneSimulator.ActiveCfg = Release|Any CPU
		{2417D72B-2050-4EFD-9422-EC290498E75D}.Release|iPhoneSimulator.Build.0 = Release|Any CPU
		{2417D72B-2050-4EFD-9422-EC290498E75D}.Release|iPhoneSimulator.Deploy.0 = Release|Any CPU
		{2417D72B-2050-4EFD-9422-EC290498E75D}.Release|Mixed Platforms.ActiveCfg = Release|Any CPU
		{2417D72B-2050-4EFD-9422-EC290498E75D}.Release|Mixed Platforms.Build.0 = Release|Any CPU
		{2417D72B-2050-4EFD-9422-EC290498E75D}.Release|Mixed Platforms.Deploy.0 = Release|Any CPU
		{2417D72B-2050-4EFD-9422-EC290498E75D}.Release|x64.ActiveCfg = Release|Any CPU
		{2417D72B-2050-4EFD-9422-EC290498E75D}.Release|x64.Build.0 = Release|Any CPU
		{2417D72B-2050-4EFD-9422-EC290498E75D}.Release|x64.Deploy.0 = Release|Any CPU
		{2417D72B-2050-4EFD-9422-EC290498E75D}.Release|x86.ActiveCfg = Release|Any CPU
		{2417D72B-2050-4EFD-9422-EC290498E75D}.Release|x86.Build.0 = Release|Any CPU
		{2417D72B-2050-4EFD-9422-EC290498E75D}.Release|x86.Deploy.0 = Release|Any CPU
		{EEB2551F-EEAF-4EF1-90A4-9F7E5195ECF7}.Ad-Hoc|Any CPU.ActiveCfg = Ad-Hoc|iPhone
		{EEB2551F-EEAF-4EF1-90A4-9F7E5195ECF7}.Ad-Hoc|ARM.ActiveCfg = Ad-Hoc|iPhone
		{EEB2551F-EEAF-4EF1-90A4-9F7E5195ECF7}.Ad-Hoc|iPhone.ActiveCfg = Ad-Hoc|iPhone
		{EEB2551F-EEAF-4EF1-90A4-9F7E5195ECF7}.Ad-Hoc|iPhone.Build.0 = Ad-Hoc|iPhone
		{EEB2551F-EEAF-4EF1-90A4-9F7E5195ECF7}.Ad-Hoc|iPhoneSimulator.ActiveCfg = Ad-Hoc|iPhoneSimulator
		{EEB2551F-EEAF-4EF1-90A4-9F7E5195ECF7}.Ad-Hoc|iPhoneSimulator.Build.0 = Ad-Hoc|iPhoneSimulator
		{EEB2551F-EEAF-4EF1-90A4-9F7E5195ECF7}.Ad-Hoc|Mixed Platforms.ActiveCfg = Ad-Hoc|iPhone
		{EEB2551F-EEAF-4EF1-90A4-9F7E5195ECF7}.Ad-Hoc|Mixed Platforms.Build.0 = Ad-Hoc|iPhone
		{EEB2551F-EEAF-4EF1-90A4-9F7E5195ECF7}.Ad-Hoc|x64.ActiveCfg = Ad-Hoc|iPhone
		{EEB2551F-EEAF-4EF1-90A4-9F7E5195ECF7}.Ad-Hoc|x86.ActiveCfg = Ad-Hoc|iPhone
		{EEB2551F-EEAF-4EF1-90A4-9F7E5195ECF7}.AppStore|Any CPU.ActiveCfg = AppStore|iPhone
		{EEB2551F-EEAF-4EF1-90A4-9F7E5195ECF7}.AppStore|ARM.ActiveCfg = AppStore|iPhone
		{EEB2551F-EEAF-4EF1-90A4-9F7E5195ECF7}.AppStore|iPhone.ActiveCfg = AppStore|iPhone
		{EEB2551F-EEAF-4EF1-90A4-9F7E5195ECF7}.AppStore|iPhone.Build.0 = AppStore|iPhone
		{EEB2551F-EEAF-4EF1-90A4-9F7E5195ECF7}.AppStore|iPhoneSimulator.ActiveCfg = AppStore|iPhoneSimulator
		{EEB2551F-EEAF-4EF1-90A4-9F7E5195ECF7}.AppStore|iPhoneSimulator.Build.0 = AppStore|iPhoneSimulator
		{EEB2551F-EEAF-4EF1-90A4-9F7E5195ECF7}.AppStore|Mixed Platforms.ActiveCfg = AppStore|iPhone
		{EEB2551F-EEAF-4EF1-90A4-9F7E5195ECF7}.AppStore|Mixed Platforms.Build.0 = AppStore|iPhone
		{EEB2551F-EEAF-4EF1-90A4-9F7E5195ECF7}.AppStore|x64.ActiveCfg = AppStore|iPhone
		{EEB2551F-EEAF-4EF1-90A4-9F7E5195ECF7}.AppStore|x86.ActiveCfg = AppStore|iPhone
		{EEB2551F-EEAF-4EF1-90A4-9F7E5195ECF7}.Debug|Any CPU.ActiveCfg = Debug|iPhone
		{EEB2551F-EEAF-4EF1-90A4-9F7E5195ECF7}.Debug|ARM.ActiveCfg = Debug|iPhone
		{EEB2551F-EEAF-4EF1-90A4-9F7E5195ECF7}.Debug|iPhone.ActiveCfg = Debug|iPhone
		{EEB2551F-EEAF-4EF1-90A4-9F7E5195ECF7}.Debug|iPhone.Build.0 = Debug|iPhone
		{EEB2551F-EEAF-4EF1-90A4-9F7E5195ECF7}.Debug|iPhoneSimulator.ActiveCfg = Debug|iPhoneSimulator
		{EEB2551F-EEAF-4EF1-90A4-9F7E5195ECF7}.Debug|iPhoneSimulator.Build.0 = Debug|iPhoneSimulator
		{EEB2551F-EEAF-4EF1-90A4-9F7E5195ECF7}.Debug|Mixed Platforms.ActiveCfg = Debug|iPhone
		{EEB2551F-EEAF-4EF1-90A4-9F7E5195ECF7}.Debug|Mixed Platforms.Build.0 = Debug|iPhone
		{EEB2551F-EEAF-4EF1-90A4-9F7E5195ECF7}.Debug|x64.ActiveCfg = Debug|iPhone
		{EEB2551F-EEAF-4EF1-90A4-9F7E5195ECF7}.Debug|x86.ActiveCfg = Debug|iPhone
		{EEB2551F-EEAF-4EF1-90A4-9F7E5195ECF7}.Release|Any CPU.ActiveCfg = Release|iPhone
		{EEB2551F-EEAF-4EF1-90A4-9F7E5195ECF7}.Release|ARM.ActiveCfg = Release|iPhone
		{EEB2551F-EEAF-4EF1-90A4-9F7E5195ECF7}.Release|iPhone.ActiveCfg = Release|iPhone
		{EEB2551F-EEAF-4EF1-90A4-9F7E5195ECF7}.Release|iPhone.Build.0 = Release|iPhone
		{EEB2551F-EEAF-4EF1-90A4-9F7E5195ECF7}.Release|iPhoneSimulator.ActiveCfg = Release|iPhoneSimulator
		{EEB2551F-EEAF-4EF1-90A4-9F7E5195ECF7}.Release|iPhoneSimulator.Build.0 = Release|iPhoneSimulator
		{EEB2551F-EEAF-4EF1-90A4-9F7E5195ECF7}.Release|Mixed Platforms.ActiveCfg = Release|iPhone
		{EEB2551F-EEAF-4EF1-90A4-9F7E5195ECF7}.Release|Mixed Platforms.Build.0 = Release|iPhone
		{EEB2551F-EEAF-4EF1-90A4-9F7E5195ECF7}.Release|x64.ActiveCfg = Release|iPhone
		{EEB2551F-EEAF-4EF1-90A4-9F7E5195ECF7}.Release|x86.ActiveCfg = Release|iPhone
	EndGlobalSection
	GlobalSection(SolutionProperties) = preSolution
		HideSolutionNode = FALSE
	EndGlobalSection
	GlobalSection(NestedProjects) = preSolution
		{A9F026FE-0099-4C69-876F-66183466D258} = {1C07FF51-7841-4665-863C-E1886FCFA7DB}
		{332D8B0E-7CD8-4021-B246-03D4802B7C94} = {1C07FF51-7841-4665-863C-E1886FCFA7DB}
		{686ECE76-EB9A-439A-9F2F-F6E5AF81A2EA} = {790B29FE-262A-4202-89F0-D729B9CC6225}
		{2417D72B-2050-4EFD-9422-EC290498E75D} = {790B29FE-262A-4202-89F0-D729B9CC6225}
		{EEB2551F-EEAF-4EF1-90A4-9F7E5195ECF7} = {790B29FE-262A-4202-89F0-D729B9CC6225}
	EndGlobalSection
EndGlobal
