
Microsoft Visual Studio Solution File, Format Version 12.00
# Visual Studio 14
VisualStudioVersion = 14.0.24720.0
MinimumVisualStudioVersion = 10.0.40219.1
Project("{FAE04EC0-301F-11D3-BF4B-00C04F79EFBC}") = "MyMovieCollection.Droid", "MyMovieCollection.Android\MyMovieCollection.Droid.csproj", "{A9F026FE-0099-4C69-876F-66183466D258}"
EndProject
Project("{FAE04EC0-301F-11D3-BF4B-00C04F79EFBC}") = "MyMovieCollection.iOS", "MyMovieCollection.iOS\MyMovieCollection.iOS.csproj", "{332D8B0E-7CD8-4021-B246-03D4802B7C94}"
EndProject
Project("{FAE04EC0-301F-11D3-BF4B-00C04F79EFBC}") = "MyMovieCollection.Implementation", "MyMovieCollection.Implementation\MyMovieCollection.Implementation.csproj", "{1210B078-286F-43F4-A129-2CDA8C61510B}"
EndProject
Project("{FAE04EC0-301F-11D3-BF4B-00C04F79EFBC}") = "MyMovieCollection.UITest", "MyMovieCollection.UITest\MyMovieCollection.UITest.csproj", "{83F762D5-D67A-4B58-94E4-4C70474A3F38}"
EndProject
Global
	GlobalSection(SolutionConfigurationPlatforms) = preSolution
		Ad-Hoc|Any CPU = Ad-Hoc|Any CPU
		Ad-Hoc|iPhone = Ad-Hoc|iPhone
		Ad-Hoc|iPhoneSimulator = Ad-Hoc|iPhoneSimulator
		Ad-Hoc|Mixed Platforms = Ad-Hoc|Mixed Platforms
		AppStore|Any CPU = AppStore|Any CPU
		AppStore|iPhone = AppStore|iPhone
		AppStore|iPhoneSimulator = AppStore|iPhoneSimulator
		AppStore|Mixed Platforms = AppStore|Mixed Platforms
		Debug|Any CPU = Debug|Any CPU
		Debug|iPhone = Debug|iPhone
		Debug|iPhoneSimulator = Debug|iPhoneSimulator
		Debug|Mixed Platforms = Debug|Mixed Platforms
		Release|Any CPU = Release|Any CPU
		Release|iPhone = Release|iPhone
		Release|iPhoneSimulator = Release|iPhoneSimulator
		Release|Mixed Platforms = Release|Mixed Platforms
	EndGlobalSection
	GlobalSection(ProjectConfigurationPlatforms) = postSolution
		{A9F026FE-0099-4C69-876F-66183466D258}.Ad-Hoc|Any CPU.ActiveCfg = Release|Any CPU
		{A9F026FE-0099-4C69-876F-66183466D258}.Ad-Hoc|Any CPU.Build.0 = Release|Any CPU
		{A9F026FE-0099-4C69-876F-66183466D258}.Ad-Hoc|Any CPU.Deploy.0 = Release|Any CPU
		{A9F026FE-0099-4C69-876F-66183466D258}.Ad-Hoc|iPhone.ActiveCfg = Release|Any CPU
		{A9F026FE-0099-4C69-876F-66183466D258}.Ad-Hoc|iPhoneSimulator.ActiveCfg = Release|Any CPU
		{A9F026FE-0099-4C69-876F-66183466D258}.Ad-Hoc|Mixed Platforms.ActiveCfg = Release|Any CPU
		{A9F026FE-0099-4C69-876F-66183466D258}.Ad-Hoc|Mixed Platforms.Build.0 = Release|Any CPU
		{A9F026FE-0099-4C69-876F-66183466D258}.Ad-Hoc|Mixed Platforms.Deploy.0 = Release|Any CPU
		{A9F026FE-0099-4C69-876F-66183466D258}.AppStore|Any CPU.ActiveCfg = Release|Any CPU
		{A9F026FE-0099-4C69-876F-66183466D258}.AppStore|Any CPU.Build.0 = Release|Any CPU
		{A9F026FE-0099-4C69-876F-66183466D258}.AppStore|Any CPU.Deploy.0 = Release|Any CPU
		{A9F026FE-0099-4C69-876F-66183466D258}.AppStore|iPhone.ActiveCfg = Release|Any CPU
		{A9F026FE-0099-4C69-876F-66183466D258}.AppStore|iPhoneSimulator.ActiveCfg = Release|Any CPU
		{A9F026FE-0099-4C69-876F-66183466D258}.AppStore|Mixed Platforms.ActiveCfg = Release|Any CPU
		{A9F026FE-0099-4C69-876F-66183466D258}.AppStore|Mixed Platforms.Build.0 = Release|Any CPU
		{A9F026FE-0099-4C69-876F-66183466D258}.AppStore|Mixed Platforms.Deploy.0 = Release|Any CPU
		{A9F026FE-0099-4C69-876F-66183466D258}.Debug|Any CPU.ActiveCfg = Debug|Any CPU
		{A9F026FE-0099-4C69-876F-66183466D258}.Debug|Any CPU.Build.0 = Debug|Any CPU
		{A9F026FE-0099-4C69-876F-66183466D258}.Debug|Any CPU.Deploy.0 = Debug|Any CPU
		{A9F026FE-0099-4C69-876F-66183466D258}.Debug|iPhone.ActiveCfg = Debug|Any CPU
		{A9F026FE-0099-4C69-876F-66183466D258}.Debug|iPhoneSimulator.ActiveCfg = Debug|Any CPU
		{A9F026FE-0099-4C69-876F-66183466D258}.Debug|Mixed Platforms.ActiveCfg = Debug|Any CPU
		{A9F026FE-0099-4C69-876F-66183466D258}.Debug|Mixed Platforms.Build.0 = Debug|Any CPU
		{A9F026FE-0099-4C69-876F-66183466D258}.Debug|Mixed Platforms.Deploy.0 = Debug|Any CPU
		{A9F026FE-0099-4C69-876F-66183466D258}.Release|Any CPU.ActiveCfg = Release|Any CPU
		{A9F026FE-0099-4C69-876F-66183466D258}.Release|Any CPU.Build.0 = Release|Any CPU
		{A9F026FE-0099-4C69-876F-66183466D258}.Release|iPhone.ActiveCfg = Release|Any CPU
		{A9F026FE-0099-4C69-876F-66183466D258}.Release|iPhoneSimulator.ActiveCfg = Release|Any CPU
		{A9F026FE-0099-4C69-876F-66183466D258}.Release|Mixed Platforms.ActiveCfg = Release|Any CPU
		{A9F026FE-0099-4C69-876F-66183466D258}.Release|Mixed Platforms.Build.0 = Release|Any CPU
		{A9F026FE-0099-4C69-876F-66183466D258}.Release|Mixed Platforms.Deploy.0 = Release|Any CPU
		{332D8B0E-7CD8-4021-B246-03D4802B7C94}.Ad-Hoc|Any CPU.ActiveCfg = Ad-Hoc|iPhone
		{332D8B0E-7CD8-4021-B246-03D4802B7C94}.Ad-Hoc|iPhone.ActiveCfg = Ad-Hoc|iPhone
		{332D8B0E-7CD8-4021-B246-03D4802B7C94}.Ad-Hoc|iPhone.Build.0 = Ad-Hoc|iPhone
		{332D8B0E-7CD8-4021-B246-03D4802B7C94}.Ad-Hoc|iPhoneSimulator.ActiveCfg = Ad-Hoc|iPhoneSimulator
		{332D8B0E-7CD8-4021-B246-03D4802B7C94}.Ad-Hoc|iPhoneSimulator.Build.0 = Ad-Hoc|iPhoneSimulator
		{332D8B0E-7CD8-4021-B246-03D4802B7C94}.Ad-Hoc|Mixed Platforms.ActiveCfg = Ad-Hoc|iPhone
		{332D8B0E-7CD8-4021-B246-03D4802B7C94}.Ad-Hoc|Mixed Platforms.Build.0 = Ad-Hoc|iPhone
		{332D8B0E-7CD8-4021-B246-03D4802B7C94}.AppStore|Any CPU.ActiveCfg = AppStore|iPhone
		{332D8B0E-7CD8-4021-B246-03D4802B7C94}.AppStore|iPhone.ActiveCfg = AppStore|iPhone
		{332D8B0E-7CD8-4021-B246-03D4802B7C94}.AppStore|iPhone.Build.0 = AppStore|iPhone
		{332D8B0E-7CD8-4021-B246-03D4802B7C94}.AppStore|iPhoneSimulator.ActiveCfg = AppStore|iPhoneSimulator
		{332D8B0E-7CD8-4021-B246-03D4802B7C94}.AppStore|iPhoneSimulator.Build.0 = AppStore|iPhoneSimulator
		{332D8B0E-7CD8-4021-B246-03D4802B7C94}.AppStore|Mixed Platforms.ActiveCfg = AppStore|iPhone
		{332D8B0E-7CD8-4021-B246-03D4802B7C94}.AppStore|Mixed Platforms.Build.0 = AppStore|iPhone
		{332D8B0E-7CD8-4021-B246-03D4802B7C94}.Debug|Any CPU.ActiveCfg = Debug|iPhone
		{332D8B0E-7CD8-4021-B246-03D4802B7C94}.Debug|iPhone.ActiveCfg = Debug|iPhone
		{332D8B0E-7CD8-4021-B246-03D4802B7C94}.Debug|iPhone.Build.0 = Debug|iPhone
		{332D8B0E-7CD8-4021-B246-03D4802B7C94}.Debug|iPhoneSimulator.ActiveCfg = Debug|iPhoneSimulator
		{332D8B0E-7CD8-4021-B246-03D4802B7C94}.Debug|iPhoneSimulator.Build.0 = Debug|iPhoneSimulator
		{332D8B0E-7CD8-4021-B246-03D4802B7C94}.Debug|Mixed Platforms.ActiveCfg = Debug|iPhone
		{332D8B0E-7CD8-4021-B246-03D4802B7C94}.Debug|Mixed Platforms.Build.0 = Debug|iPhone
		{332D8B0E-7CD8-4021-B246-03D4802B7C94}.Release|Any CPU.ActiveCfg = Release|iPhone
		{332D8B0E-7CD8-4021-B246-03D4802B7C94}.Release|iPhone.ActiveCfg = Release|iPhone
		{332D8B0E-7CD8-4021-B246-03D4802B7C94}.Release|iPhone.Build.0 = Release|iPhone
		{332D8B0E-7CD8-4021-B246-03D4802B7C94}.Release|iPhoneSimulator.ActiveCfg = Release|iPhoneSimulator
		{332D8B0E-7CD8-4021-B246-03D4802B7C94}.Release|iPhoneSimulator.Build.0 = Release|iPhoneSimulator
		{332D8B0E-7CD8-4021-B246-03D4802B7C94}.Release|Mixed Platforms.ActiveCfg = Release|iPhone
		{332D8B0E-7CD8-4021-B246-03D4802B7C94}.Release|Mixed Platforms.Build.0 = Release|iPhone
		{1210B078-286F-43F4-A129-2CDA8C61510B}.Ad-Hoc|Any CPU.ActiveCfg = Release|Any CPU
		{1210B078-286F-43F4-A129-2CDA8C61510B}.Ad-Hoc|Any CPU.Build.0 = Release|Any CPU
		{1210B078-286F-43F4-A129-2CDA8C61510B}.Ad-Hoc|iPhone.ActiveCfg = Release|Any CPU
		{1210B078-286F-43F4-A129-2CDA8C61510B}.Ad-Hoc|iPhoneSimulator.ActiveCfg = Release|Any CPU
		{1210B078-286F-43F4-A129-2CDA8C61510B}.Ad-Hoc|Mixed Platforms.ActiveCfg = Release|Any CPU
		{1210B078-286F-43F4-A129-2CDA8C61510B}.Ad-Hoc|Mixed Platforms.Build.0 = Release|Any CPU
		{1210B078-286F-43F4-A129-2CDA8C61510B}.AppStore|Any CPU.ActiveCfg = Release|Any CPU
		{1210B078-286F-43F4-A129-2CDA8C61510B}.AppStore|Any CPU.Build.0 = Release|Any CPU
		{1210B078-286F-43F4-A129-2CDA8C61510B}.AppStore|iPhone.ActiveCfg = Release|Any CPU
		{1210B078-286F-43F4-A129-2CDA8C61510B}.AppStore|iPhoneSimulator.ActiveCfg = Release|Any CPU
		{1210B078-286F-43F4-A129-2CDA8C61510B}.AppStore|Mixed Platforms.ActiveCfg = Release|Any CPU
		{1210B078-286F-43F4-A129-2CDA8C61510B}.AppStore|Mixed Platforms.Build.0 = Release|Any CPU
		{1210B078-286F-43F4-A129-2CDA8C61510B}.Debug|Any CPU.ActiveCfg = Debug|Any CPU
		{1210B078-286F-43F4-A129-2CDA8C61510B}.Debug|Any CPU.Build.0 = Debug|Any CPU
		{1210B078-286F-43F4-A129-2CDA8C61510B}.Debug|iPhone.ActiveCfg = Debug|Any CPU
		{1210B078-286F-43F4-A129-2CDA8C61510B}.Debug|iPhone.Build.0 = Debug|Any CPU
		{1210B078-286F-43F4-A129-2CDA8C61510B}.Debug|iPhoneSimulator.ActiveCfg = Debug|Any CPU
		{1210B078-286F-43F4-A129-2CDA8C61510B}.Debug|iPhoneSimulator.Build.0 = Debug|Any CPU
		{1210B078-286F-43F4-A129-2CDA8C61510B}.Debug|Mixed Platforms.ActiveCfg = Debug|Any CPU
		{1210B078-286F-43F4-A129-2CDA8C61510B}.Debug|Mixed Platforms.Build.0 = Debug|Any CPU
		{1210B078-286F-43F4-A129-2CDA8C61510B}.Release|Any CPU.ActiveCfg = Release|Any CPU
		{1210B078-286F-43F4-A129-2CDA8C61510B}.Release|Any CPU.Build.0 = Release|Any CPU
		{1210B078-286F-43F4-A129-2CDA8C61510B}.Release|iPhone.ActiveCfg = Release|Any CPU
		{1210B078-286F-43F4-A129-2CDA8C61510B}.Release|iPhoneSimulator.ActiveCfg = Release|Any CPU
		{1210B078-286F-43F4-A129-2CDA8C61510B}.Release|Mixed Platforms.ActiveCfg = Release|Any CPU
		{1210B078-286F-43F4-A129-2CDA8C61510B}.Release|Mixed Platforms.Build.0 = Release|Any CPU
		{83F762D5-D67A-4B58-94E4-4C70474A3F38}.Ad-Hoc|Any CPU.ActiveCfg = Release|Any CPU
		{83F762D5-D67A-4B58-94E4-4C70474A3F38}.Ad-Hoc|Any CPU.Build.0 = Release|Any CPU
		{83F762D5-D67A-4B58-94E4-4C70474A3F38}.Ad-Hoc|iPhone.ActiveCfg = Release|Any CPU
		{83F762D5-D67A-4B58-94E4-4C70474A3F38}.Ad-Hoc|iPhone.Build.0 = Release|Any CPU
		{83F762D5-D67A-4B58-94E4-4C70474A3F38}.Ad-Hoc|iPhoneSimulator.ActiveCfg = Release|Any CPU
		{83F762D5-D67A-4B58-94E4-4C70474A3F38}.Ad-Hoc|iPhoneSimulator.Build.0 = Release|Any CPU
		{83F762D5-D67A-4B58-94E4-4C70474A3F38}.Ad-Hoc|Mixed Platforms.ActiveCfg = Release|Any CPU
		{83F762D5-D67A-4B58-94E4-4C70474A3F38}.Ad-Hoc|Mixed Platforms.Build.0 = Release|Any CPU
		{83F762D5-D67A-4B58-94E4-4C70474A3F38}.AppStore|Any CPU.ActiveCfg = Release|Any CPU
		{83F762D5-D67A-4B58-94E4-4C70474A3F38}.AppStore|Any CPU.Build.0 = Release|Any CPU
		{83F762D5-D67A-4B58-94E4-4C70474A3F38}.AppStore|iPhone.ActiveCfg = Release|Any CPU
		{83F762D5-D67A-4B58-94E4-4C70474A3F38}.AppStore|iPhone.Build.0 = Release|Any CPU
		{83F762D5-D67A-4B58-94E4-4C70474A3F38}.AppStore|iPhoneSimulator.ActiveCfg = Release|Any CPU
		{83F762D5-D67A-4B58-94E4-4C70474A3F38}.AppStore|iPhoneSimulator.Build.0 = Release|Any CPU
		{83F762D5-D67A-4B58-94E4-4C70474A3F38}.AppStore|Mixed Platforms.ActiveCfg = Release|Any CPU
		{83F762D5-D67A-4B58-94E4-4C70474A3F38}.AppStore|Mixed Platforms.Build.0 = Release|Any CPU
		{83F762D5-D67A-4B58-94E4-4C70474A3F38}.Debug|Any CPU.ActiveCfg = Debug|Any CPU
		{83F762D5-D67A-4B58-94E4-4C70474A3F38}.Debug|Any CPU.Build.0 = Debug|Any CPU
		{83F762D5-D67A-4B58-94E4-4C70474A3F38}.Debug|iPhone.ActiveCfg = Debug|Any CPU
		{83F762D5-D67A-4B58-94E4-4C70474A3F38}.Debug|iPhone.Build.0 = Debug|Any CPU
		{83F762D5-D67A-4B58-94E4-4C70474A3F38}.Debug|iPhoneSimulator.ActiveCfg = Debug|Any CPU
		{83F762D5-D67A-4B58-94E4-4C70474A3F38}.Debug|iPhoneSimulator.Build.0 = Debug|Any CPU
		{83F762D5-D67A-4B58-94E4-4C70474A3F38}.Debug|Mixed Platforms.ActiveCfg = Debug|Any CPU
		{83F762D5-D67A-4B58-94E4-4C70474A3F38}.Debug|Mixed Platforms.Build.0 = Debug|Any CPU
		{83F762D5-D67A-4B58-94E4-4C70474A3F38}.Release|Any CPU.ActiveCfg = Release|Any CPU
		{83F762D5-D67A-4B58-94E4-4C70474A3F38}.Release|Any CPU.Build.0 = Release|Any CPU
		{83F762D5-D67A-4B58-94E4-4C70474A3F38}.Release|iPhone.ActiveCfg = Release|Any CPU
		{83F762D5-D67A-4B58-94E4-4C70474A3F38}.Release|iPhone.Build.0 = Release|Any CPU
		{83F762D5-D67A-4B58-94E4-4C70474A3F38}.Release|iPhoneSimulator.ActiveCfg = Release|Any CPU
		{83F762D5-D67A-4B58-94E4-4C70474A3F38}.Release|iPhoneSimulator.Build.0 = Release|Any CPU
		{83F762D5-D67A-4B58-94E4-4C70474A3F38}.Release|Mixed Platforms.ActiveCfg = Release|Any CPU
		{83F762D5-D67A-4B58-94E4-4C70474A3F38}.Release|Mixed Platforms.Build.0 = Release|Any CPU
	EndGlobalSection
	GlobalSection(SolutionProperties) = preSolution
		HideSolutionNode = FALSE
	EndGlobalSection
EndGlobal
